{
  "name": "exp4A",
  "lockfileVersion": 3,
  "requires": true,
  "packages": {
    "": {
      "dependencies": {
        "ejs": "^5.0.1"
      }
    },
    "node_modules/ejs": {
      "version": "5.0.1",
      "resolved": "https://registry.npmjs.org/ejs/-/ejs-5.0.1.tgz",
      "integrity": "sha512-COqBPFMxuPTPspXl2DkVYaDS3HtrD1GpzOGkNTJ1IYkifq/r9h8SVEFrjA3D9/VJGOEoMQcrlhpntcSUrM8k6A==",
      "license": "Apache-2.0",
      "bin": {
        "ejs": "bin/cli.js"
      },
      "engines": {
        "node": ">=0.12.18"
      }
    }
  }
}
